
Microsoft Visual Studio Solution File, Format Version 12.00
# Visual Studio Version 17
VisualStudioVersion = 17.5.002.0
MinimumVisualStudioVersion = 10.0.40219.1
Project("{9A19103F-16F7-4668-BE54-9A1E7A4F7556}") = "RpgMvc", "RpgMvc.csproj", "{F76BBAC3-46C5-4F13-9453-26A310B3FF99}"
EndProject
Global
	GlobalSection(SolutionConfigurationPlatforms) = preSolution
		Debug|Any CPU = Debug|Any CPU
		Release|Any CPU = Release|Any CPU
	EndGlobalSection
	GlobalSection(ProjectConfigurationPlatforms) = postSolution
		{F76BBAC3-46C5-4F13-9453-26A310B3FF99}.Debug|Any CPU.ActiveCfg = Debug|Any CPU
		{F76BBAC3-46C5-4F13-9453-26A310B3FF99}.Debug|Any CPU.Build.0 = Debug|Any CPU
		{F76BBAC3-46C5-4F13-9453-26A310B3FF99}.Release|Any CPU.ActiveCfg = Release|Any CPU
		{F76BBAC3-46C5-4F13-9453-26A310B3FF99}.Release|Any CPU.Build.0 = Release|Any CPU
	EndGlobalSection
	GlobalSection(SolutionProperties) = preSolution
		HideSolutionNode = FALSE
	EndGlobalSection
	GlobalSection(ExtensibilityGlobals) = postSolution
		SolutionGuid = {6DDADAD5-253A-4319-B826-268EE981B50E}
	EndGlobalSection
EndGlobal
